
Microsoft Visual Studio Solution File, Format Version 12.00
# Visual Studio Version 16
VisualStudioVersion = 16.0.30309.148
MinimumVisualStudioVersion = 10.0.40219.1
Project("{FAE04EC0-301F-11D3-BF4B-00C04F79EFBC}") = "tlslab1", "tlslab1\tlslab1.csproj", "{1E44094E-070D-4E90-8EC4-D225F20E38A1}"
EndProject
Project("{FAE04EC0-301F-11D3-BF4B-00C04F79EFBC}") = "tlslab2", "tlslab2\tlslab2.csproj", "{0DE2B7F1-5B3A-4C30-99B2-DF7B72C37B88}"
EndProject
Project("{FAE04EC0-301F-11D3-BF4B-00C04F79EFBC}") = "tlslab3", "tlslab3\tlslab3.csproj", "{C7D066DC-2421-4B8D-BA0B-1C510CF170CF}"
EndProject
Global
	GlobalSection(SolutionConfigurationPlatforms) = preSolution
		Debug|Any CPU = Debug|Any CPU
		Release|Any CPU = Release|Any CPU
	EndGlobalSection
	GlobalSection(ProjectConfigurationPlatforms) = postSolution
		{1E44094E-070D-4E90-8EC4-D225F20E38A1}.Debug|Any CPU.ActiveCfg = Debug|Any CPU
		{1E44094E-070D-4E90-8EC4-D225F20E38A1}.Debug|Any CPU.Build.0 = Debug|Any CPU
		{1E44094E-070D-4E90-8EC4-D225F20E38A1}.Release|Any CPU.ActiveCfg = Release|Any CPU
		{1E44094E-070D-4E90-8EC4-D225F20E38A1}.Release|Any CPU.Build.0 = Release|Any CPU
		{0DE2B7F1-5B3A-4C30-99B2-DF7B72C37B88}.Debug|Any CPU.ActiveCfg = Debug|Any CPU
		{0DE2B7F1-5B3A-4C30-99B2-DF7B72C37B88}.Debug|Any CPU.Build.0 = Debug|Any CPU
		{0DE2B7F1-5B3A-4C30-99B2-DF7B72C37B88}.Release|Any CPU.ActiveCfg = Release|Any CPU
		{0DE2B7F1-5B3A-4C30-99B2-DF7B72C37B88}.Release|Any CPU.Build.0 = Release|Any CPU
		{C7D066DC-2421-4B8D-BA0B-1C510CF170CF}.Debug|Any CPU.ActiveCfg = Debug|Any CPU
		{C7D066DC-2421-4B8D-BA0B-1C510CF170CF}.Debug|Any CPU.Build.0 = Debug|Any CPU
		{C7D066DC-2421-4B8D-BA0B-1C510CF170CF}.Release|Any CPU.ActiveCfg = Release|Any CPU
		{C7D066DC-2421-4B8D-BA0B-1C510CF170CF}.Release|Any CPU.Build.0 = Release|Any CPU
	EndGlobalSection
	GlobalSection(SolutionProperties) = preSolution
		HideSolutionNode = FALSE
	EndGlobalSection
	GlobalSection(ExtensibilityGlobals) = postSolution
		SolutionGuid = {8AACC83A-A962-4524-9A28-71A314028734}
	EndGlobalSection
EndGlobal
